
Microsoft Visual Studio Solution File, Format Version 12.00
# Visual Studio Version 17
VisualStudioVersion = 17.0.31903.59
MinimumVisualStudioVersion = 10.0.40219.1
Project("{FAE04EC0-301F-11D3-BF4B-00C04F79EFBC}") = "JsonEditor", "JsonEditor.csproj", "{9C0C623D-0F70-4E24-AD50-8ACB58BB0373}"
EndProject
Global
	GlobalSection(SolutionConfigurationPlatforms) = preSolution
		Debug|Any CPU = Debug|Any CPU
		Release|Any CPU = Release|Any CPU
	EndGlobalSection
	GlobalSection(ProjectConfigurationPlatforms) = postSolution
		{9C0C623D-0F70-4E24-AD50-8ACB58BB0373}.Debug|Any CPU.ActiveCfg = Debug|Any CPU
		{9C0C623D-0F70-4E24-AD50-8ACB58BB0373}.Debug|Any CPU.Build.0 = Debug|Any CPU
		{9C0C623D-0F70-4E24-AD50-8ACB58BB0373}.Release|Any CPU.ActiveCfg = Release|Any CPU
		{9C0C623D-0F70-4E24-AD50-8ACB58BB0373}.Release|Any CPU.Build.0 = Release|Any CPU
	EndGlobalSection
	GlobalSection(SolutionProperties) = preSolution
		HideSolutionNode = FALSE
	EndGlobalSection
	GlobalSection(ExtensibilityGlobals) = postSolution
		SolutionGuid = {95CB3E46-CC73-4DB8-88CD-C75E3EFEB402}
	EndGlobalSection
EndGlobal
